// !$*UTF8*$!
{
	archiveVersion = 1;
	classes = {
	};
	objectVersion = 56;
	objects = {

/* Begin PBXBuildFile section */
		FF5E8EA42BA9869E00402E8D /* AppDelegate.swift in Sources */ = {isa = PBXBuildFile; fileRef = FF5E8EA32BA9869E00402E8D /* AppDelegate.swift */; };
		FF5E8EA62BA9869E00402E8D /* SceneDelegate.swift in Sources */ = {isa = PBXBuildFile; fileRef = FF5E8EA52BA9869E00402E8D /* SceneDelegate.swift */; };
		FF5E8EA82BA9869E00402E8D /* ViewController.swift in Sources */ = {isa = PBXBuildFile; fileRef = FF5E8EA72BA9869E00402E8D /* ViewController.swift */; };
		FF5E8EAB2BA9869E00402E8D /* Main.storyboard in Resources */ = {isa = PBXBuildFile; fileRef = FF5E8EA92BA9869E00402E8D /* Main.storyboard */; };
		FF5E8EAD2BA9869F00402E8D /* Assets.xcassets in Resources */ = {isa = PBXBuildFile; fileRef = FF5E8EAC2BA9869F00402E8D /* Assets.xcassets */; };
		FF5E8EB02BA9869F00402E8D /* LaunchScreen.storyboard in Resources */ = {isa = PBXBuildFile; fileRef = FF5E8EAE2BA9869F00402E8D /* LaunchScreen.storyboard */; };
		FF5E8EBB2BA9869F00402E8D /* CountAppTests.swift in Sources */ = {isa = PBXBuildFile; fileRef = FF5E8EBA2BA9869F00402E8D /* CountAppTests.swift */; };
		FF5E8EC52BA9869F00402E8D /* CountAppUITests.swift in Sources */ = {isa = PBXBuildFile; fileRef = FF5E8EC42BA9869F00402E8D /* CountAppUITests.swift */; };
		FF5E8EC72BA9869F00402E8D /* CountAppUITestsLaunchTests.swift in Sources */ = {isa = PBXBuildFile; fileRef = FF5E8EC62BA9869F00402E8D /* CountAppUITestsLaunchTests.swift */; };
/* End PBXBuildFile section */

/* Begin PBXContainerItemProxy section */
		FF5E8EB72BA9869F00402E8D /* PBXContainerItemProxy */ = {
			isa = PBXContainerItemProxy;
			containerPortal = FF5E8E982BA9869E00402E8D /* Project object */;
			proxyType = 1;
			remoteGlobalIDString = FF5E8E9F2BA9869E00402E8D;
			remoteInfo = CountApp;
		};
		FF5E8EC12BA9869F00402E8D /* PBXContainerItemProxy */ = {
			isa = PBXContainerItemProxy;
			containerPortal = FF5E8E982BA9869E00402E8D /* Project object */;
			proxyType = 1;
			remoteGlobalIDString = FF5E8E9F2BA9869E00402E8D;
			remoteInfo = CountApp;
		};
/* End PBXContainerItemProxy section */

/* Begin PBXFileReference section */
		FF5E8EA02BA9869E00402E8D /* CountApp.app */ = {isa = PBXFileReference; explicitFileType = wrapper.application; includeInIndex = 0; path = CountApp.app; sourceTree = BUILT_PRODUCTS_DIR; };
		FF5E8EA32BA9869E00402E8D /* AppDelegate.swift */ = {isa = PBXFileReference; lastKnownFileType = sourcecode.swift; path = AppDelegate.swift; sourceTree = "<group>"; };
		FF5E8EA52BA9869E00402E8D /* SceneDelegate.swift */ = {isa = PBXFileReference; lastKnownFileType = sourcecode.swift; path = SceneDelegate.swift; sourceTree = "<group>"; };
		FF5E8EA72BA9869E00402E8D /* ViewController.swift */ = {isa = PBXFileReference; lastKnownFileType = sourcecode.swift; path = ViewController.swift; sourceTree = "<group>"; };
		FF5E8EAA2BA9869E00402E8D /* Base */ = {isa = PBXFileReference; lastKnownFileType = file.storyboard; name = Base; path = Base.lproj/Main.storyboard; sourceTree = "<group>"; };
		FF5E8EAC2BA9869F00402E8D /* Assets.xcassets */ = {isa = PBXFileReference; lastKnownFileType = folder.assetcatalog; path = Assets.xcassets; sourceTree = "<group>"; };
		FF5E8EAF2BA9869F00402E8D /* Base */ = {isa = PBXFileReference; lastKnownFileType = file.storyboard; name = Base; path = Base.lproj/LaunchScreen.storyboard; sourceTree = "<group>"; };
		FF5E8EB12BA9869F00402E8D /* Info.plist */ = {isa = PBXFileReference; lastKnownFileType = text.plist.xml; path = Info.plist; sourceTree = "<group>"; };
		FF5E8EB62BA9869F00402E8D /* CountAppTests.xctest */ = {isa = PBXFileReference; explicitFileType = wrapper.cfbundle; includeInIndex = 0; path = CountAppTests.xctest; sourceTree = BUILT_PRODUCTS_DIR; };
		FF5E8EBA2BA9869F00402E8D /* CountAppTests.swift */ = {isa = PBXFileReference; lastKnownFileType = sourcecode.swift; path = CountAppTests.swift; sourceTree = "<group>"; };
		FF5E8EC02BA9869F00402E8D /* CountAppUITests.xctest */ = {isa = PBXFileReference; explicitFileType = wrapper.cfbundle; includeInIndex = 0; path = CountAppUITests.xctest; sourceTree = BUILT_PRODUCTS_DIR; };
		FF5E8EC42BA9869F00402E8D /* CountAppUITests.swift */ = {isa = PBXFileReference; lastKnownFileType = sourcecode.swift; path = CountAppUITests.swift; sourceTree = "<group>"; };
		FF5E8EC62BA9869F00402E8D /* CountAppUITestsLaunchTests.swift */ = {isa = PBXFileReference; lastKnownFileType = sourcecode.swift; path = CountAppUITestsLaunchTests.swift; sourceTree = "<group>"; };
/* End PBXFileReference section */

/* Begin PBXFrameworksBuildPhase section */
		FF5E8E9D2BA9869E00402E8D /* Frameworks */ = {
			isa = PBXFrameworksBuildPhase;
			buildActionMask = 2147483647;
			files = (
			);
			runOnlyForDeploymentPostprocessing = 0;
		};
		FF5E8EB32BA9869F00402E8D /* Frameworks */ = {
			isa = PBXFrameworksBuildPhase;
			buildActionMask = 2147483647;
			files = (
			);
			runOnlyForDeploymentPostprocessing = 0;
		};
		FF5E8EBD2BA9869F00402E8D /* Frameworks */ = {
			isa = PBXFrameworksBuildPhase;
			buildActionMask = 2147483647;
			files = (
			);
			runOnlyForDeploymentPostprocessing = 0;
		};
/* End PBXFrameworksBuildPhase section */

/* Begin PBXGroup section */
		FF5E8E972BA9869E00402E8D = {
			isa = PBXGroup;
			children = (
				FF5E8EA22BA9869E00402E8D /* CountApp */,
				FF5E8EB92BA9869F00402E8D /* CountAppTests */,
				FF5E8EC32BA9869F00402E8D /* CountAppUITests */,
				FF5E8EA12BA9869E00402E8D /* Products */,
			);
			sourceTree = "<group>";
		};
		FF5E8EA12BA9869E00402E8D /* Products */ = {
			isa = PBXGroup;
			children = (
				FF5E8EA02BA9869E00402E8D /* CountApp.app */,
				FF5E8EB62BA9869F00402E8D /* CountAppTests.xctest */,
				FF5E8EC02BA9869F00402E8D /* CountAppUITests.xctest */,
			);
			name = Products;
			sourceTree = "<group>";
		};
		FF5E8EA22BA9869E00402E8D /* CountApp */ = {
			isa = PBXGroup;
			children = (
				FF5E8EA32BA9869E00402E8D /* AppDelegate.swift */,
				FF5E8EA52BA9869E00402E8D /* SceneDelegate.swift */,
				FF5E8EA72BA9869E00402E8D /* ViewController.swift */,
				FF5E8EA92BA9869E00402E8D /* Main.storyboard */,
				FF5E8EAC2BA9869F00402E8D /* Assets.xcassets */,
				FF5E8EAE2BA9869F00402E8D /* LaunchScreen.storyboard */,
				FF5E8EB12BA9869F00402E8D /* Info.plist */,
			);
			path = CountApp;
			sourceTree = "<group>";
		};
		FF5E8EB92BA9869F00402E8D /* CountAppTests */ = {
			isa = PBXGroup;
			children = (
				FF5E8EBA2BA9869F00402E8D /* CountAppTests.swift */,
			);
			path = CountAppTests;
			sourceTree = "<group>";
		};
		FF5E8EC32BA9869F00402E8D /* CountAppUITests */ = {
			isa = PBXGroup;
			children = (
				FF5E8EC42BA9869F00402E8D /* CountAppUITests.swift */,
				FF5E8EC62BA9869F00402E8D /* CountAppUITestsLaunchTests.swift */,
			);
			path = CountAppUITests;
			sourceTree = "<group>";
		};
/* End PBXGroup section */

/* Begin PBXNativeTarget section */
		FF5E8E9F2BA9869E00402E8D /* CountApp */ = {
			isa = PBXNativeTarget;
			buildConfigurationList = FF5E8ECA2BA9869F00402E8D /* Build configuration list for PBXNativeTarget "CountApp" */;
			buildPhases = (
				FF5E8E9C2BA9869E00402E8D /* Sources */,
				FF5E8E9D2BA9869E00402E8D /* Frameworks */,
				FF5E8E9E2BA9869E00402E8D /* Resources */,
			);
			buildRules = (
			);
			dependencies = (
			);
			name = CountApp;
			productName = CountApp;
			productReference = FF5E8EA02BA9869E00402E8D /* CountApp.app */;
			productType = "com.apple.product-type.application";
		};
		FF5E8EB52BA9869F00402E8D /* CountAppTests */ = {
			isa = PBXNativeTarget;
			buildConfigurationList = FF5E8ECD2BA9869F00402E8D /* Build configuration list for PBXNativeTarget "CountAppTests" */;
			buildPhases = (
				FF5E8EB22BA9869F00402E8D /* Sources */,
				FF5E8EB32BA9869F00402E8D /* Frameworks */,
				FF5E8EB42BA9869F00402E8D /* Resources */,
			);
			buildRules = (
			);
			dependencies = (
				FF5E8EB82BA9869F00402E8D /* PBXTargetDependency */,
			);
			name = CountAppTests;
			productName = CountAppTests;
			productReference = FF5E8EB62BA9869F00402E8D /* CountAppTests.xctest */;
			productType = "com.apple.product-type.bundle.unit-test";
		};
		FF5E8EBF2BA9869F00402E8D /* CountAppUITests */ = {
			isa = PBXNativeTarget;
			buildConfigurationList = FF5E8ED02BA9869F00402E8D /* Build configuration list for PBXNativeTarget "CountAppUITests" */;
			buildPhases = (
				FF5E8EBC2BA9869F00402E8D /* Sources */,
				FF5E8EBD2BA9869F00402E8D /* Frameworks */,
				FF5E8EBE2BA9869F00402E8D /* Resources */,
			);
			buildRules = (
			);
			dependencies = (
				FF5E8EC22BA9869F00402E8D /* PBXTargetDependency */,
			);
			name = CountAppUITests;
			productName = CountAppUITests;
			productReference = FF5E8EC02BA9869F00402E8D /* CountAppUITests.xctest */;
			productType = "com.apple.product-type.bundle.ui-testing";
		};
/* End PBXNativeTarget section */

/* Begin PBXProject section */
		FF5E8E982BA9869E00402E8D /* Project object */ = {
			isa = PBXProject;
			attributes = {
				BuildIndependentTargetsInParallel = 1;
				LastSwiftUpdateCheck = 1520;
				LastUpgradeCheck = 1520;
				TargetAttributes = {
					FF5E8E9F2BA9869E00402E8D = {
						CreatedOnToolsVersion = 15.2;
					};
					FF5E8EB52BA9869F00402E8D = {
						CreatedOnToolsVersion = 15.2;
						TestTargetID = FF5E8E9F2BA9869E00402E8D;
					};
					FF5E8EBF2BA9869F00402E8D = {
						CreatedOnToolsVersion = 15.2;
						TestTargetID = FF5E8E9F2BA9869E00402E8D;
					};
				};
			};
			buildConfigurationList = FF5E8E9B2BA9869E00402E8D /* Build configuration list for PBXProject "CountApp" */;
			compatibilityVersion = "Xcode 14.0";
			developmentRegion = en;
			hasScannedForEncodings = 0;
			knownRegions = (
				en,
				Base,
			);
			mainGroup = FF5E8E972BA9869E00402E8D;
			productRefGroup = FF5E8EA12BA9869E00402E8D /* Products */;
			projectDirPath = "";
			projectRoot = "";
			targets = (
				FF5E8E9F2BA9869E00402E8D /* CountApp */,
				FF5E8EB52BA9869F00402E8D /* CountAppTests */,
				FF5E8EBF2BA9869F00402E8D /* CountAppUITests */,
			);
		};
/* End PBXProject section */

/* Begin PBXResourcesBuildPhase section */
		FF5E8E9E2BA9869E00402E8D /* Resources */ = {
			isa = PBXResourcesBuildPhase;
			buildActionMask = 2147483647;
			files = (
				FF5E8EB02BA9869F00402E8D /* LaunchScreen.storyboard in Resources */,
				FF5E8EAD2BA9869F00402E8D /* Assets.xcassets in Resources */,
				FF5E8EAB2BA9869E00402E8D /* Main.storyboard in Resources */,
			);
			runOnlyForDeploymentPostprocessing = 0;
		};
		FF5E8EB42BA9869F00402E8D /* Resources */ = {
			isa = PBXResourcesBuildPhase;
			buildActionMask = 2147483647;
			files = (
			);
			runOnlyForDeploymentPostprocessing = 0;
		};
		FF5E8EBE2BA9869F00402E8D /* Resources */ = {
			isa = PBXResourcesBuildPhase;
			buildActionMask = 2147483647;
			files = (
			);
			runOnlyForDeploymentPostprocessing = 0;
		};
/* End PBXResourcesBuildPhase section */

/* Begin PBXSourcesBuildPhase section */
		FF5E8E9C2BA9869E00402E8D /* Sources */ = {
			isa = PBXSourcesBuildPhase;
			buildActionMask = 2147483647;
			files = (
				FF5E8EA82BA9869E00402E8D /* ViewController.swift in Sources */,
				FF5E8EA42BA9869E00402E8D /* AppDelegate.swift in Sources */,
				FF5E8EA62BA9869E00402E8D /* SceneDelegate.swift in Sources */,
			);
			runOnlyForDeploymentPostprocessing = 0;
		};
		FF5E8EB22BA9869F00402E8D /* Sources */ = {
			isa = PBXSourcesBuildPhase;
			buildActionMask = 2147483647;
			files = (
				FF5E8EBB2BA9869F00402E8D /* CountAppTests.swift in Sources */,
			);
			runOnlyForDeploymentPostprocessing = 0;
		};
		FF5E8EBC2BA9869F00402E8D /* Sources */ = {
			isa = PBXSourcesBuildPhase;
			buildActionMask = 2147483647;
			files = (
				FF5E8EC72BA9869F00402E8D /* CountAppUITestsLaunchTests.swift in Sources */,
				FF5E8EC52BA9869F00402E8D /* CountAppUITests.swift in Sources */,
			);
			runOnlyForDeploymentPostprocessing = 0;
		};
/* End PBXSourcesBuildPhase section */

/* Begin PBXTargetDependency section */
		FF5E8EB82BA9869F00402E8D /* PBXTargetDependency */ = {
			isa = PBXTargetDependency;
			target = FF5E8E9F2BA9869E00402E8D /* CountApp */;
			targetProxy = FF5E8EB72BA9869F00402E8D /* PBXContainerItemProxy */;
		};
		FF5E8EC22BA9869F00402E8D /* PBXTargetDependency */ = {
			isa = PBXTargetDependency;
			target = FF5E8E9F2BA9869E00402E8D /* CountApp */;
			targetProxy = FF5E8EC12BA9869F00402E8D /* PBXContainerItemProxy */;
		};
/* End PBXTargetDependency section */

/* Begin PBXVariantGroup section */
		FF5E8EA92BA9869E00402E8D /* Main.storyboard */ = {
			isa = PBXVariantGroup;
			children = (
				FF5E8EAA2BA9869E00402E8D /* Base */,
			);
			name = Main.storyboard;
			sourceTree = "<group>";
		};
		FF5E8EAE2BA9869F00402E8D /* LaunchScreen.storyboard */ = {
			isa = PBXVariantGroup;
			children = (
				FF5E8EAF2BA9869F00402E8D /* Base */,
			);
			name = LaunchScreen.storyboard;
			sourceTree = "<group>";
		};
/* End PBXVariantGroup section */

/* Begin XCBuildConfiguration section */
		FF5E8EC82BA9869F00402E8D /* Debug */ = {
			isa = XCBuildConfiguration;
			buildSettings = {
				ALWAYS_SEARCH_USER_PATHS = NO;
				ASSETCATALOG_COMPILER_GENERATE_SWIFT_ASSET_SYMBOL_EXTENSIONS = YES;
				CLANG_ANALYZER_NONNULL = YES;
				CLANG_ANALYZER_NUMBER_OBJECT_CONVERSION = YES_AGGRESSIVE;
				CLANG_CXX_LANGUAGE_STANDARD = "gnu++20";
				CLANG_ENABLE_MODULES = YES;
				CLANG_ENABLE_OBJC_ARC = YES;
				CLANG_ENABLE_OBJC_WEAK = YES;
				CLANG_WARN_BLOCK_CAPTURE_AUTORELEASING = YES;
				CLANG_WARN_BOOL_CONVERSION = YES;
				CLANG_WARN_COMMA = YES;
				CLANG_WARN_CONSTANT_CONVERSION = YES;
				CLANG_WARN_DEPRECATED_OBJC_IMPLEMENTATIONS = YES;
				CLANG_WARN_DIRECT_OBJC_ISA_USAGE = YES_ERROR;
				CLANG_WARN_DOCUMENTATION_COMMENTS = YES;
				CLANG_WARN_EMPTY_BODY = YES;
				CLANG_WARN_ENUM_CONVERSION = YES;
				CLANG_WARN_INFINITE_RECURSION = YES;
				CLANG_WARN_INT_CONVERSION = YES;
				CLANG_WARN_NON_LITERAL_NULL_CONVERSION = YES;
				CLANG_WARN_OBJC_IMPLICIT_RETAIN_SELF = YES;
				CLANG_WARN_OBJC_LITERAL_CONVERSION = YES;
				CLANG_WARN_OBJC_ROOT_CLASS = YES_ERROR;
				CLANG_WARN_QUOTED_INCLUDE_IN_FRAMEWORK_HEADER = YES;
				CLANG_WARN_RANGE_LOOP_ANALYSIS = YES;
				CLANG_WARN_STRICT_PROTOTYPES = YES;
				CLANG_WARN_SUSPICIOUS_MOVE = YES;
				CLANG_WARN_UNGUARDED_AVAILABILITY = YES_AGGRESSIVE;
				CLANG_WARN_UNREACHABLE_CODE = YES;
				CLANG_WARN__DUPLICATE_METHOD_MATCH = YES;
				COPY_PHASE_STRIP = NO;
				DEBUG_INFORMATION_FORMAT = dwarf;
				ENABLE_STRICT_OBJC_MSGSEND = YES;
				ENABLE_TESTABILITY = YES;
				ENABLE_USER_SCRIPT_SANDBOXING = YES;
				GCC_C_LANGUAGE_STANDARD = gnu17;
				GCC_DYNAMIC_NO_PIC = NO;
				GCC_NO_COMMON_BLOCKS = YES;
				GCC_OPTIMIZATION_LEVEL = 0;
				GCC_PREPROCESSOR_DEFINITIONS = (
					"DEBUG=1",
					"$(inherited)",
				);
				GCC_WARN_64_TO_32_BIT_CONVERSION = YES;
				GCC_WARN_ABOUT_RETURN_TYPE = YES_ERROR;
				GCC_WARN_UNDECLARED_SELECTOR = YES;
				GCC_WARN_UNINITIALIZED_AUTOS = YES_AGGRESSIVE;
				GCC_WARN_UNUSED_FUNCTION = YES;
				GCC_WARN_UNUSED_VARIABLE = YES;
				IPHONEOS_DEPLOYMENT_TARGET = 17.2;
				LOCALIZATION_PREFERS_STRING_CATALOGS = YES;
				MTL_ENABLE_DEBUG_INFO = INCLUDE_SOURCE;
				MTL_FAST_MATH = YES;
				ONLY_ACTIVE_ARCH = YES;
				SDKROOT = iphoneos;
				SWIFT_ACTIVE_COMPILATION_CONDITIONS = "DEBUG $(inherited)";
				SWIFT_OPTIMIZATION_LEVEL = "-Onone";
			};
			name = Debug;
		};
		FF5E8EC92BA9869F00402E8D /* Release */ = {
			isa = XCBuildConfiguration;
			buildSettings = {
				ALWAYS_SEARCH_USER_PATHS = NO;
				ASSETCATALOG_COMPILER_GENERATE_SWIFT_ASSET_SYMBOL_EXTENSIONS = YES;
				CLANG_ANALYZER_NONNULL = YES;
				CLANG_ANALYZER_NUMBER_OBJECT_CONVERSION = YES_AGGRESSIVE;
				CLANG_CXX_LANGUAGE_STANDARD = "gnu++20";
				CLANG_ENABLE_MODULES = YES;
				CLANG_ENABLE_OBJC_ARC = YES;
				CLANG_ENABLE_OBJC_WEAK = YES;
				CLANG_WARN_BLOCK_CAPTURE_AUTORELEASING = YES;
				CLANG_WARN_BOOL_CONVERSION = YES;
				CLANG_WARN_COMMA = YES;
				CLANG_WARN_CONSTANT_CONVERSION = YES;
				CLANG_WARN_DEPRECATED_OBJC_IMPLEMENTATIONS = YES;
				CLANG_WARN_DIRECT_OBJC_ISA_USAGE = YES_ERROR;
				CLANG_WARN_DOCUMENTATION_COMMENTS = YES;
				CLANG_WARN_EMPTY_BODY = YES;
				CLANG_WARN_ENUM_CONVERSION = YES;
				CLANG_WARN_INFINITE_RECURSION = YES;
				CLANG_WARN_INT_CONVERSION = YES;
				CLANG_WARN_NON_LITERAL_NULL_CONVERSION = YES;
				CLANG_WARN_OBJC_IMPLICIT_RETAIN_SELF = YES;
				CLANG_WARN_OBJC_LITERAL_CONVERSION = YES;
				CLANG_WARN_OBJC_ROOT_CLASS = YES_ERROR;
				CLANG_WARN_QUOTED_INCLUDE_IN_FRAMEWORK_HEADER = YES;
				CLANG_WARN_RANGE_LOOP_ANALYSIS = YES;
				CLANG_WARN_STRICT_PROTOTYPES = YES;
				CLANG_WARN_SUSPICIOUS_MOVE = YES;
				CLANG_WARN_UNGUARDED_AVAILABILITY = YES_AGGRESSIVE;
				CLANG_WARN_UNREACHABLE_CODE = YES;
				CLANG_WARN__DUPLICATE_METHOD_MATCH = YES;
				COPY_PHASE_STRIP = NO;
				DEBUG_INFORMATION_FORMAT = "dwarf-with-dsym";
				ENABLE_NS_ASSERTIONS = NO;
				ENABLE_STRICT_OBJC_MSGSEND = YES;
				ENABLE_USER_SCRIPT_SANDBOXING = YES;
				GCC_C_LANGUAGE_STANDARD = gnu17;
				GCC_NO_COMMON_BLOCKS = YES;
				GCC_WARN_64_TO_32_BIT_CONVERSION = YES;
				GCC_WARN_ABOUT_RETURN_TYPE = YES_ERROR;
				GCC_WARN_UNDECLARED_SELECTOR = YES;
				GCC_WARN_UNINITIALIZED_AUTOS = YES_AGGRESSIVE;
				GCC_WARN_UNUSED_FUNCTION = YES;
				GCC_WARN_UNUSED_VARIABLE = YES;
				IPHONEOS_DEPLOYMENT_TARGET = 17.2;
				LOCALIZATION_PREFERS_STRING_CATALOGS = YES;
				MTL_ENABLE_DEBUG_INFO = NO;
				MTL_FAST_MATH = YES;
				SDKROOT = iphoneos;
				SWIFT_COMPILATION_MODE = wholemodule;
				VALIDATE_PRODUCT = YES;
			};
			name = Release;
		};
		FF5E8ECB2BA9869F00402E8D /* Debug */ = {
			isa = XCBuildConfiguration;
			buildSettings = {
				ASSETCATALOG_COMPILER_APPICON_NAME = AppIcon;
				ASSETCATALOG_COMPILER_GLOBAL_ACCENT_COLOR_NAME = AccentColor;
				CODE_SIGN_STYLE = Automatic;
				CURRENT_PROJECT_VERSION = 1;
				DEVELOPMENT_TEAM = 5259JUBP8W;
				GENERATE_INFOPLIST_FILE = YES;
				INFOPLIST_FILE = CountApp/Info.plist;
				INFOPLIST_KEY_UIApplicationSupportsIndirectInputEvents = YES;
				INFOPLIST_KEY_UILaunchStoryboardName = LaunchScreen;
				INFOPLIST_KEY_UIMainStoryboardFile = Main;
				INFOPLIST_KEY_UISupportedInterfaceOrientations_iPad = "UIInterfaceOrientationPortrait UIInterfaceOrientationPortraitUpsideDown UIInterfaceOrientationLandscapeLeft UIInterfaceOrientationLandscapeRight";
				INFOPLIST_KEY_UISupportedInterfaceOrientations_iPhone = "UIInterfaceOrientationPortrait UIInterfaceOrientationLandscapeLeft UIInterfaceOrientationLandscapeRight";
				LD_RUNPATH_SEARCH_PATHS = (
					"$(inherited)",
					"@executable_path/Frameworks",
				);
				MARKETING_VERSION = 1.0;
				PRODUCT_BUNDLE_IDENTIFIER = com.Seunghyeon.CountApp;
				PRODUCT_NAME = "$(TARGET_NAME)";
				SWIFT_EMIT_LOC_STRINGS = YES;
				SWIFT_VERSION = 5.0;
				TARGETED_DEVICE_FAMILY = "1,2";
			};
			name = Debug;
		};
		FF5E8ECC2BA9869F00402E8D /* Release */ = {
			isa = XCBuildConfiguration;
			buildSettings = {
				ASSETCATALOG_COMPILER_APPICON_NAME = AppIcon;
				ASSETCATALOG_COMPILER_GLOBAL_ACCENT_COLOR_NAME = AccentColor;
				CODE_SIGN_STYLE = Automatic;
				CURRENT_PROJECT_VERSION = 1;
				DEVELOPMENT_TEAM = 5259JUBP8W;
				GENERATE_INFOPLIST_FILE = YES;
				INFOPLIST_FILE = CountApp/Info.plist;
				INFOPLIST_KEY_UIApplicationSupportsIndirectInputEvents = YES;
				INFOPLIST_KEY_UILaunchStoryboardName = LaunchScreen;
				INFOPLIST_KEY_UIMainStoryboardFile = Main;
				INFOPLIST_KEY_UISupportedInterfaceOrientations_iPad = "UIInterfaceOrientationPortrait UIInterfaceOrientationPortraitUpsideDown UIInterfaceOrientationLandscapeLeft UIInterfaceOrientationLandscapeRight";
				INFOPLIST_KEY_UISupportedInterfaceOrientations_iPhone = "UIInterfaceOrientationPortrait UIInterfaceOrientationLandscapeLeft UIInterfaceOrientationLandscapeRight";
				LD_RUNPATH_SEARCH_PATHS = (
					"$(inherited)",
					"@executable_path/Frameworks",
				);
				MARKETING_VERSION = 1.0;
				PRODUCT_BUNDLE_IDENTIFIER = com.Seunghyeon.CountApp;
				PRODUCT_NAME = "$(TARGET_NAME)";
				SWIFT_EMIT_LOC_STRINGS = YES;
				SWIFT_VERSION = 5.0;
				TARGETED_DEVICE_FAMILY = "1,2";
			};
			name = Release;
		};
		FF5E8ECE2BA9869F00402E8D /* Debug */ = {
			isa = XCBuildConfiguration;
			buildSettings = {
				ALWAYS_EMBED_SWIFT_STANDARD_LIBRARIES = YES;
				BUNDLE_LOADER = "$(TEST_HOST)";
				CODE_SIGN_STYLE = Automatic;
				CURRENT_PROJECT_VERSION = 1;
				DEVELOPMENT_TEAM = 5259JUBP8W;
				GENERATE_INFOPLIST_FILE = YES;
				IPHONEOS_DEPLOYMENT_TARGET = 17.2;
				MARKETING_VERSION = 1.0;
				PRODUCT_BUNDLE_IDENTIFIER = com.Seunghyeon.CountAppTests;
				PRODUCT_NAME = "$(TARGET_NAME)";
				SWIFT_EMIT_LOC_STRINGS = NO;
				SWIFT_VERSION = 5.0;
				TARGETED_DEVICE_FAMILY = "1,2";
				TEST_HOST = "$(BUILT_PRODUCTS_DIR)/CountApp.app/$(BUNDLE_EXECUTABLE_FOLDER_PATH)/CountApp";
			};
			name = Debug;
		};
		FF5E8ECF2BA9869F00402E8D /* Release */ = {
			isa = XCBuildConfiguration;
			buildSettings = {
				ALWAYS_EMBED_SWIFT_STANDARD_LIBRARIES = YES;
				BUNDLE_LOADER = "$(TEST_HOST)";
				CODE_SIGN_STYLE = Automatic;
				CURRENT_PROJECT_VERSION = 1;
				DEVELOPMENT_TEAM = 5259JUBP8W;
				GENERATE_INFOPLIST_FILE = YES;
				IPHONEOS_DEPLOYMENT_TARGET = 17.2;
				MARKETING_VERSION = 1.0;
				PRODUCT_BUNDLE_IDENTIFIER = com.Seunghyeon.CountAppTests;
				PRODUCT_NAME = "$(TARGET_NAME)";
				SWIFT_EMIT_LOC_STRINGS = NO;
				SWIFT_VERSION = 5.0;
				TARGETED_DEVICE_FAMILY = "1,2";
				TEST_HOST = "$(BUILT_PRODUCTS_DIR)/CountApp.app/$(BUNDLE_EXECUTABLE_FOLDER_PATH)/CountApp";
			};
			name = Release;
		};
		FF5E8ED12BA9869F00402E8D /* Debug */ = {
			isa = XCBuildConfiguration;
			buildSettings = {
				ALWAYS_EMBED_SWIFT_STANDARD_LIBRARIES = YES;
				CODE_SIGN_STYLE = Automatic;
				CURRENT_PROJECT_VERSION = 1;
				DEVELOPMENT_TEAM = 5259JUBP8W;
				GENERATE_INFOPLIST_FILE = YES;
				MARKETING_VERSION = 1.0;
				PRODUCT_BUNDLE_IDENTIFIER = com.Seunghyeon.CountAppUITests;
				PRODUCT_NAME = "$(TARGET_NAME)";
				SWIFT_EMIT_LOC_STRINGS = NO;
				SWIFT_VERSION = 5.0;
				TARGETED_DEVICE_FAMILY = "1,2";
				TEST_TARGET_NAME = CountApp;
			};
			name = Debug;
		};
		FF5E8ED22BA9869F00402E8D /* Release */ = {
			isa = XCBuildConfiguration;
			buildSettings = {
				ALWAYS_EMBED_SWIFT_STANDARD_LIBRARIES = YES;
				CODE_SIGN_STYLE = Automatic;
				CURRENT_PROJECT_VERSION = 1;
				DEVELOPMENT_TEAM = 5259JUBP8W;
				GENERATE_INFOPLIST_FILE = YES;
				MARKETING_VERSION = 1.0;
				PRODUCT_BUNDLE_IDENTIFIER = com.Seunghyeon.CountAppUITests;
				PRODUCT_NAME = "$(TARGET_NAME)";
				SWIFT_EMIT_LOC_STRINGS = NO;
				SWIFT_VERSION = 5.0;
				TARGETED_DEVICE_FAMILY = "1,2";
				TEST_TARGET_NAME = CountApp;
			};
			name = Release;
		};
/* End XCBuildConfiguration section */

/* Begin XCConfigurationList section */
		FF5E8E9B2BA9869E00402E8D /* Build configuration list for PBXProject "CountApp" */ = {
			isa = XCConfigurationList;
			buildConfigurations = (
				FF5E8EC82BA9869F00402E8D /* Debug */,
				FF5E8EC92BA9869F00402E8D /* Release */,
			);
			defaultConfigurationIsVisible = 0;
			defaultConfigurationName = Release;
		};
		FF5E8ECA2BA9869F00402E8D /* Build configuration list for PBXNativeTarget "CountApp" */ = {
			isa = XCConfigurationList;
			buildConfigurations = (
				FF5E8ECB2BA9869F00402E8D /* Debug */,
				FF5E8ECC2BA9869F00402E8D /* Release */,
			);
			defaultConfigurationIsVisible = 0;
			defaultConfigurationName = Release;
		};
		FF5E8ECD2BA9869F00402E8D /* Build configuration list for PBXNativeTarget "CountAppTests" */ = {
			isa = XCConfigurationList;
			buildConfigurations = (
				FF5E8ECE2BA9869F00402E8D /* Debug */,
				FF5E8ECF2BA9869F00402E8D /* Release */,
			);
			defaultConfigurationIsVisible = 0;
			defaultConfigurationName = Release;
		};
		FF5E8ED02BA9869F00402E8D /* Build configuration list for PBXNativeTarget "CountAppUITests" */ = {
			isa = XCConfigurationList;
			buildConfigurations = (
				FF5E8ED12BA9869F00402E8D /* Debug */,
				FF5E8ED22BA9869F00402E8D /* Release */,
			);
			defaultConfigurationIsVisible = 0;
			defaultConfigurationName = Release;
		};
/* End XCConfigurationList section */
	};
	rootObject = FF5E8E982BA9869E00402E8D /* Project object */;
}
