// !$*UTF8*$!
{
	archiveVersion = 1;
	classes = {
	};
	objectVersion = 56;
	objects = {

/* Begin PBXBuildFile section */
		FFAFF37D2BE4FFB6004C5C8D /* AppDelegate.swift in Sources */ = {isa = PBXBuildFile; fileRef = FFAFF37C2BE4FFB6004C5C8D /* AppDelegate.swift */; };
		FFAFF37F2BE4FFB6004C5C8D /* SceneDelegate.swift in Sources */ = {isa = PBXBuildFile; fileRef = FFAFF37E2BE4FFB6004C5C8D /* SceneDelegate.swift */; };
		FFAFF3812BE4FFB6004C5C8D /* ViewController.swift in Sources */ = {isa = PBXBuildFile; fileRef = FFAFF3802BE4FFB6004C5C8D /* ViewController.swift */; };
		FFAFF3842BE4FFB6004C5C8D /* Base in Resources */ = {isa = PBXBuildFile; fileRef = FFAFF3832BE4FFB6004C5C8D /* Base */; };
		FFAFF3862BE4FFB7004C5C8D /* Assets.xcassets in Resources */ = {isa = PBXBuildFile; fileRef = FFAFF3852BE4FFB7004C5C8D /* Assets.xcassets */; };
		FFAFF3892BE4FFB7004C5C8D /* Base in Resources */ = {isa = PBXBuildFile; fileRef = FFAFF3882BE4FFB7004C5C8D /* Base */; };
		FFAFF3922BE4FFE3004C5C8D /* SnapKit in Frameworks */ = {isa = PBXBuildFile; productRef = FFAFF3912BE4FFE3004C5C8D /* SnapKit */; };
		FFAFF3942BE4FFE3004C5C8D /* SnapKit-Dynamic in Frameworks */ = {isa = PBXBuildFile; productRef = FFAFF3932BE4FFE3004C5C8D /* SnapKit-Dynamic */; };
		FFAFF3972BE50E87004C5C8D /* AVData.swift in Sources */ = {isa = PBXBuildFile; fileRef = FFAFF3962BE50E87004C5C8D /* AVData.swift */; };
		FFAFF39C2BE51027004C5C8D /* TableViewCell.swift in Sources */ = {isa = PBXBuildFile; fileRef = FFAFF39A2BE51027004C5C8D /* TableViewCell.swift */; };
		FFAFF39D2BE51027004C5C8D /* TableViewCell.xib in Resources */ = {isa = PBXBuildFile; fileRef = FFAFF39B2BE51027004C5C8D /* TableViewCell.xib */; };
		FFAFF39F2BE792B0004C5C8D /* NetworkManager.swift in Sources */ = {isa = PBXBuildFile; fileRef = FFAFF39E2BE792B0004C5C8D /* NetworkManager.swift */; };
/* End PBXBuildFile section */

/* Begin PBXFileReference section */
		FFAFF3792BE4FFB6004C5C8D /* AVPlayerApp.app */ = {isa = PBXFileReference; explicitFileType = wrapper.application; includeInIndex = 0; path = AVPlayerApp.app; sourceTree = BUILT_PRODUCTS_DIR; };
		FFAFF37C2BE4FFB6004C5C8D /* AppDelegate.swift */ = {isa = PBXFileReference; lastKnownFileType = sourcecode.swift; path = AppDelegate.swift; sourceTree = "<group>"; };
		FFAFF37E2BE4FFB6004C5C8D /* SceneDelegate.swift */ = {isa = PBXFileReference; lastKnownFileType = sourcecode.swift; path = SceneDelegate.swift; sourceTree = "<group>"; };
		FFAFF3802BE4FFB6004C5C8D /* ViewController.swift */ = {isa = PBXFileReference; lastKnownFileType = sourcecode.swift; path = ViewController.swift; sourceTree = "<group>"; };
		FFAFF3832BE4FFB6004C5C8D /* Base */ = {isa = PBXFileReference; lastKnownFileType = file.storyboard; name = Base; path = Base.lproj/Main.storyboard; sourceTree = "<group>"; };
		FFAFF3852BE4FFB7004C5C8D /* Assets.xcassets */ = {isa = PBXFileReference; lastKnownFileType = folder.assetcatalog; path = Assets.xcassets; sourceTree = "<group>"; };
		FFAFF3882BE4FFB7004C5C8D /* Base */ = {isa = PBXFileReference; lastKnownFileType = file.storyboard; name = Base; path = Base.lproj/LaunchScreen.storyboard; sourceTree = "<group>"; };
		FFAFF38A2BE4FFB7004C5C8D /* Info.plist */ = {isa = PBXFileReference; lastKnownFileType = text.plist.xml; path = Info.plist; sourceTree = "<group>"; };
		FFAFF3962BE50E87004C5C8D /* AVData.swift */ = {isa = PBXFileReference; lastKnownFileType = sourcecode.swift; path = AVData.swift; sourceTree = "<group>"; };
		FFAFF39A2BE51027004C5C8D /* TableViewCell.swift */ = {isa = PBXFileReference; lastKnownFileType = sourcecode.swift; path = TableViewCell.swift; sourceTree = "<group>"; };
		FFAFF39B2BE51027004C5C8D /* TableViewCell.xib */ = {isa = PBXFileReference; lastKnownFileType = file.xib; path = TableViewCell.xib; sourceTree = "<group>"; };
		FFAFF39E2BE792B0004C5C8D /* NetworkManager.swift */ = {isa = PBXFileReference; lastKnownFileType = sourcecode.swift; path = NetworkManager.swift; sourceTree = "<group>"; };
/* End PBXFileReference section */

/* Begin PBXFrameworksBuildPhase section */
		FFAFF3762BE4FFB6004C5C8D /* Frameworks */ = {
			isa = PBXFrameworksBuildPhase;
			buildActionMask = 2147483647;
			files = (
				FFAFF3922BE4FFE3004C5C8D /* SnapKit in Frameworks */,
				FFAFF3942BE4FFE3004C5C8D /* SnapKit-Dynamic in Frameworks */,
			);
			runOnlyForDeploymentPostprocessing = 0;
		};
/* End PBXFrameworksBuildPhase section */

/* Begin PBXGroup section */
		FFAFF3702BE4FFB6004C5C8D = {
			isa = PBXGroup;
			children = (
				FFAFF37B2BE4FFB6004C5C8D /* AVPlayerApp */,
				FFAFF37A2BE4FFB6004C5C8D /* Products */,
			);
			sourceTree = "<group>";
		};
		FFAFF37A2BE4FFB6004C5C8D /* Products */ = {
			isa = PBXGroup;
			children = (
				FFAFF3792BE4FFB6004C5C8D /* AVPlayerApp.app */,
			);
			name = Products;
			sourceTree = "<group>";
		};
		FFAFF37B2BE4FFB6004C5C8D /* AVPlayerApp */ = {
			isa = PBXGroup;
			children = (
				FFAFF3952BE50DD7004C5C8D /* Models */,
				FFAFF3982BE50F8E004C5C8D /* Views */,
				FFAFF3992BE50FA3004C5C8D /* ViewModels */,
				FFAFF37C2BE4FFB6004C5C8D /* AppDelegate.swift */,
				FFAFF37E2BE4FFB6004C5C8D /* SceneDelegate.swift */,
				FFAFF3852BE4FFB7004C5C8D /* Assets.xcassets */,
				FFAFF38A2BE4FFB7004C5C8D /* Info.plist */,
			);
			path = AVPlayerApp;
			sourceTree = "<group>";
		};
		FFAFF3952BE50DD7004C5C8D /* Models */ = {
			isa = PBXGroup;
			children = (
				FFAFF3962BE50E87004C5C8D /* AVData.swift */,
			);
			path = Models;
			sourceTree = "<group>";
		};
		FFAFF3982BE50F8E004C5C8D /* Views */ = {
			isa = PBXGroup;
			children = (
				FFAFF3872BE4FFB7004C5C8D /* LaunchScreen.storyboard */,
				FFAFF3802BE4FFB6004C5C8D /* ViewController.swift */,
				FFAFF3822BE4FFB6004C5C8D /* Main.storyboard */,
				FFAFF39A2BE51027004C5C8D /* TableViewCell.swift */,
				FFAFF39B2BE51027004C5C8D /* TableViewCell.xib */,
			);
			path = Views;
			sourceTree = "<group>";
		};
		FFAFF3992BE50FA3004C5C8D /* ViewModels */ = {
			isa = PBXGroup;
			children = (
				FFAFF39E2BE792B0004C5C8D /* NetworkManager.swift */,
			);
			path = ViewModels;
			sourceTree = "<group>";
		};
/* End PBXGroup section */

/* Begin PBXNativeTarget section */
		FFAFF3782BE4FFB6004C5C8D /* AVPlayerApp */ = {
			isa = PBXNativeTarget;
			buildConfigurationList = FFAFF38D2BE4FFB7004C5C8D /* Build configuration list for PBXNativeTarget "AVPlayerApp" */;
			buildPhases = (
				FFAFF3752BE4FFB6004C5C8D /* Sources */,
				FFAFF3762BE4FFB6004C5C8D /* Frameworks */,
				FFAFF3772BE4FFB6004C5C8D /* Resources */,
			);
			buildRules = (
			);
			dependencies = (
			);
			name = AVPlayerApp;
			packageProductDependencies = (
				FFAFF3912BE4FFE3004C5C8D /* SnapKit */,
				FFAFF3932BE4FFE3004C5C8D /* SnapKit-Dynamic */,
			);
			productName = AVPlayerApp;
			productReference = FFAFF3792BE4FFB6004C5C8D /* AVPlayerApp.app */;
			productType = "com.apple.product-type.application";
		};
/* End PBXNativeTarget section */

/* Begin PBXProject section */
		FFAFF3712BE4FFB6004C5C8D /* Project object */ = {
			isa = PBXProject;
			attributes = {
				BuildIndependentTargetsInParallel = 1;
				LastSwiftUpdateCheck = 1530;
				LastUpgradeCheck = 1530;
				TargetAttributes = {
					FFAFF3782BE4FFB6004C5C8D = {
						CreatedOnToolsVersion = 15.3;
					};
				};
			};
			buildConfigurationList = FFAFF3742BE4FFB6004C5C8D /* Build configuration list for PBXProject "AVPlayerApp" */;
			compatibilityVersion = "Xcode 14.0";
			developmentRegion = en;
			hasScannedForEncodings = 0;
			knownRegions = (
				en,
				Base,
			);
			mainGroup = FFAFF3702BE4FFB6004C5C8D;
			packageReferences = (
				FFAFF3902BE4FFE3004C5C8D /* XCRemoteSwiftPackageReference "SnapKit" */,
			);
			productRefGroup = FFAFF37A2BE4FFB6004C5C8D /* Products */;
			projectDirPath = "";
			projectRoot = "";
			targets = (
				FFAFF3782BE4FFB6004C5C8D /* AVPlayerApp */,
			);
		};
/* End PBXProject section */

/* Begin PBXResourcesBuildPhase section */
		FFAFF3772BE4FFB6004C5C8D /* Resources */ = {
			isa = PBXResourcesBuildPhase;
			buildActionMask = 2147483647;
			files = (
				FFAFF3862BE4FFB7004C5C8D /* Assets.xcassets in Resources */,
				FFAFF39D2BE51027004C5C8D /* TableViewCell.xib in Resources */,
				FFAFF3892BE4FFB7004C5C8D /* Base in Resources */,
				FFAFF3842BE4FFB6004C5C8D /* Base in Resources */,
			);
			runOnlyForDeploymentPostprocessing = 0;
		};
/* End PBXResourcesBuildPhase section */

/* Begin PBXSourcesBuildPhase section */
		FFAFF3752BE4FFB6004C5C8D /* Sources */ = {
			isa = PBXSourcesBuildPhase;
			buildActionMask = 2147483647;
			files = (
				FFAFF39F2BE792B0004C5C8D /* NetworkManager.swift in Sources */,
				FFAFF39C2BE51027004C5C8D /* TableViewCell.swift in Sources */,
				FFAFF3972BE50E87004C5C8D /* AVData.swift in Sources */,
				FFAFF3812BE4FFB6004C5C8D /* ViewController.swift in Sources */,
				FFAFF37D2BE4FFB6004C5C8D /* AppDelegate.swift in Sources */,
				FFAFF37F2BE4FFB6004C5C8D /* SceneDelegate.swift in Sources */,
			);
			runOnlyForDeploymentPostprocessing = 0;
		};
/* End PBXSourcesBuildPhase section */

/* Begin PBXVariantGroup section */
		FFAFF3822BE4FFB6004C5C8D /* Main.storyboard */ = {
			isa = PBXVariantGroup;
			children = (
				FFAFF3832BE4FFB6004C5C8D /* Base */,
			);
			name = Main.storyboard;
			sourceTree = "<group>";
		};
		FFAFF3872BE4FFB7004C5C8D /* LaunchScreen.storyboard */ = {
			isa = PBXVariantGroup;
			children = (
				FFAFF3882BE4FFB7004C5C8D /* Base */,
			);
			name = LaunchScreen.storyboard;
			sourceTree = "<group>";
		};
/* End PBXVariantGroup section */

/* Begin XCBuildConfiguration section */
		FFAFF38B2BE4FFB7004C5C8D /* Debug */ = {
			isa = XCBuildConfiguration;
			buildSettings = {
				ALWAYS_SEARCH_USER_PATHS = NO;
				ASSETCATALOG_COMPILER_GENERATE_SWIFT_ASSET_SYMBOL_EXTENSIONS = YES;
				CLANG_ANALYZER_NONNULL = YES;
				CLANG_ANALYZER_NUMBER_OBJECT_CONVERSION = YES_AGGRESSIVE;
				CLANG_CXX_LANGUAGE_STANDARD = "gnu++20";
				CLANG_ENABLE_MODULES = YES;
				CLANG_ENABLE_OBJC_ARC = YES;
				CLANG_ENABLE_OBJC_WEAK = YES;
				CLANG_WARN_BLOCK_CAPTURE_AUTORELEASING = YES;
				CLANG_WARN_BOOL_CONVERSION = YES;
				CLANG_WARN_COMMA = YES;
				CLANG_WARN_CONSTANT_CONVERSION = YES;
				CLANG_WARN_DEPRECATED_OBJC_IMPLEMENTATIONS = YES;
				CLANG_WARN_DIRECT_OBJC_ISA_USAGE = YES_ERROR;
				CLANG_WARN_DOCUMENTATION_COMMENTS = YES;
				CLANG_WARN_EMPTY_BODY = YES;
				CLANG_WARN_ENUM_CONVERSION = YES;
				CLANG_WARN_INFINITE_RECURSION = YES;
				CLANG_WARN_INT_CONVERSION = YES;
				CLANG_WARN_NON_LITERAL_NULL_CONVERSION = YES;
				CLANG_WARN_OBJC_IMPLICIT_RETAIN_SELF = YES;
				CLANG_WARN_OBJC_LITERAL_CONVERSION = YES;
				CLANG_WARN_OBJC_ROOT_CLASS = YES_ERROR;
				CLANG_WARN_QUOTED_INCLUDE_IN_FRAMEWORK_HEADER = YES;
				CLANG_WARN_RANGE_LOOP_ANALYSIS = YES;
				CLANG_WARN_STRICT_PROTOTYPES = YES;
				CLANG_WARN_SUSPICIOUS_MOVE = YES;
				CLANG_WARN_UNGUARDED_AVAILABILITY = YES_AGGRESSIVE;
				CLANG_WARN_UNREACHABLE_CODE = YES;
				CLANG_WARN__DUPLICATE_METHOD_MATCH = YES;
				COPY_PHASE_STRIP = NO;
				DEBUG_INFORMATION_FORMAT = dwarf;
				ENABLE_STRICT_OBJC_MSGSEND = YES;
				ENABLE_TESTABILITY = YES;
				ENABLE_USER_SCRIPT_SANDBOXING = YES;
				GCC_C_LANGUAGE_STANDARD = gnu17;
				GCC_DYNAMIC_NO_PIC = NO;
				GCC_NO_COMMON_BLOCKS = YES;
				GCC_OPTIMIZATION_LEVEL = 0;
				GCC_PREPROCESSOR_DEFINITIONS = (
					"DEBUG=1",
					"$(inherited)",
				);
				GCC_WARN_64_TO_32_BIT_CONVERSION = YES;
				GCC_WARN_ABOUT_RETURN_TYPE = YES_ERROR;
				GCC_WARN_UNDECLARED_SELECTOR = YES;
				GCC_WARN_UNINITIALIZED_AUTOS = YES_AGGRESSIVE;
				GCC_WARN_UNUSED_FUNCTION = YES;
				GCC_WARN_UNUSED_VARIABLE = YES;
				IPHONEOS_DEPLOYMENT_TARGET = 17.4;
				LOCALIZATION_PREFERS_STRING_CATALOGS = YES;
				MTL_ENABLE_DEBUG_INFO = INCLUDE_SOURCE;
				MTL_FAST_MATH = YES;
				ONLY_ACTIVE_ARCH = YES;
				SDKROOT = iphoneos;
				SWIFT_ACTIVE_COMPILATION_CONDITIONS = "DEBUG $(inherited)";
				SWIFT_OPTIMIZATION_LEVEL = "-Onone";
			};
			name = Debug;
		};
		FFAFF38C2BE4FFB7004C5C8D /* Release */ = {
			isa = XCBuildConfiguration;
			buildSettings = {
				ALWAYS_SEARCH_USER_PATHS = NO;
				ASSETCATALOG_COMPILER_GENERATE_SWIFT_ASSET_SYMBOL_EXTENSIONS = YES;
				CLANG_ANALYZER_NONNULL = YES;
				CLANG_ANALYZER_NUMBER_OBJECT_CONVERSION = YES_AGGRESSIVE;
				CLANG_CXX_LANGUAGE_STANDARD = "gnu++20";
				CLANG_ENABLE_MODULES = YES;
				CLANG_ENABLE_OBJC_ARC = YES;
				CLANG_ENABLE_OBJC_WEAK = YES;
				CLANG_WARN_BLOCK_CAPTURE_AUTORELEASING = YES;
				CLANG_WARN_BOOL_CONVERSION = YES;
				CLANG_WARN_COMMA = YES;
				CLANG_WARN_CONSTANT_CONVERSION = YES;
				CLANG_WARN_DEPRECATED_OBJC_IMPLEMENTATIONS = YES;
				CLANG_WARN_DIRECT_OBJC_ISA_USAGE = YES_ERROR;
				CLANG_WARN_DOCUMENTATION_COMMENTS = YES;
				CLANG_WARN_EMPTY_BODY = YES;
				CLANG_WARN_ENUM_CONVERSION = YES;
				CLANG_WARN_INFINITE_RECURSION = YES;
				CLANG_WARN_INT_CONVERSION = YES;
				CLANG_WARN_NON_LITERAL_NULL_CONVERSION = YES;
				CLANG_WARN_OBJC_IMPLICIT_RETAIN_SELF = YES;
				CLANG_WARN_OBJC_LITERAL_CONVERSION = YES;
				CLANG_WARN_OBJC_ROOT_CLASS = YES_ERROR;
				CLANG_WARN_QUOTED_INCLUDE_IN_FRAMEWORK_HEADER = YES;
				CLANG_WARN_RANGE_LOOP_ANALYSIS = YES;
				CLANG_WARN_STRICT_PROTOTYPES = YES;
				CLANG_WARN_SUSPICIOUS_MOVE = YES;
				CLANG_WARN_UNGUARDED_AVAILABILITY = YES_AGGRESSIVE;
				CLANG_WARN_UNREACHABLE_CODE = YES;
				CLANG_WARN__DUPLICATE_METHOD_MATCH = YES;
				COPY_PHASE_STRIP = NO;
				DEBUG_INFORMATION_FORMAT = "dwarf-with-dsym";
				ENABLE_NS_ASSERTIONS = NO;
				ENABLE_STRICT_OBJC_MSGSEND = YES;
				ENABLE_USER_SCRIPT_SANDBOXING = YES;
				GCC_C_LANGUAGE_STANDARD = gnu17;
				GCC_NO_COMMON_BLOCKS = YES;
				GCC_WARN_64_TO_32_BIT_CONVERSION = YES;
				GCC_WARN_ABOUT_RETURN_TYPE = YES_ERROR;
				GCC_WARN_UNDECLARED_SELECTOR = YES;
				GCC_WARN_UNINITIALIZED_AUTOS = YES_AGGRESSIVE;
				GCC_WARN_UNUSED_FUNCTION = YES;
				GCC_WARN_UNUSED_VARIABLE = YES;
				IPHONEOS_DEPLOYMENT_TARGET = 17.4;
				LOCALIZATION_PREFERS_STRING_CATALOGS = YES;
				MTL_ENABLE_DEBUG_INFO = NO;
				MTL_FAST_MATH = YES;
				SDKROOT = iphoneos;
				SWIFT_COMPILATION_MODE = wholemodule;
				VALIDATE_PRODUCT = YES;
			};
			name = Release;
		};
		FFAFF38E2BE4FFB7004C5C8D /* Debug */ = {
			isa = XCBuildConfiguration;
			buildSettings = {
				ASSETCATALOG_COMPILER_APPICON_NAME = AppIcon;
				ASSETCATALOG_COMPILER_GLOBAL_ACCENT_COLOR_NAME = AccentColor;
				CODE_SIGN_STYLE = Automatic;
				CURRENT_PROJECT_VERSION = 1;
				DEVELOPMENT_TEAM = 5259JUBP8W;
				GENERATE_INFOPLIST_FILE = YES;
				INFOPLIST_FILE = AVPlayerApp/Info.plist;
				INFOPLIST_KEY_UIApplicationSupportsIndirectInputEvents = YES;
				INFOPLIST_KEY_UILaunchStoryboardName = LaunchScreen;
				INFOPLIST_KEY_UIMainStoryboardFile = Main;
				INFOPLIST_KEY_UISupportedInterfaceOrientations_iPad = "UIInterfaceOrientationPortrait UIInterfaceOrientationPortraitUpsideDown UIInterfaceOrientationLandscapeLeft UIInterfaceOrientationLandscapeRight";
				INFOPLIST_KEY_UISupportedInterfaceOrientations_iPhone = "UIInterfaceOrientationPortrait UIInterfaceOrientationLandscapeLeft UIInterfaceOrientationLandscapeRight";
				LD_RUNPATH_SEARCH_PATHS = (
					"$(inherited)",
					"@executable_path/Frameworks",
				);
				MARKETING_VERSION = 1.0;
				PRODUCT_BUNDLE_IDENTIFIER = com.Seunghyeon.AVPlayerApp;
				PRODUCT_NAME = "$(TARGET_NAME)";
				SWIFT_EMIT_LOC_STRINGS = YES;
				SWIFT_VERSION = 5.0;
				TARGETED_DEVICE_FAMILY = "1,2";
			};
			name = Debug;
		};
		FFAFF38F2BE4FFB7004C5C8D /* Release */ = {
			isa = XCBuildConfiguration;
			buildSettings = {
				ASSETCATALOG_COMPILER_APPICON_NAME = AppIcon;
				ASSETCATALOG_COMPILER_GLOBAL_ACCENT_COLOR_NAME = AccentColor;
				CODE_SIGN_STYLE = Automatic;
				CURRENT_PROJECT_VERSION = 1;
				DEVELOPMENT_TEAM = 5259JUBP8W;
				GENERATE_INFOPLIST_FILE = YES;
				INFOPLIST_FILE = AVPlayerApp/Info.plist;
				INFOPLIST_KEY_UIApplicationSupportsIndirectInputEvents = YES;
				INFOPLIST_KEY_UILaunchStoryboardName = LaunchScreen;
				INFOPLIST_KEY_UIMainStoryboardFile = Main;
				INFOPLIST_KEY_UISupportedInterfaceOrientations_iPad = "UIInterfaceOrientationPortrait UIInterfaceOrientationPortraitUpsideDown UIInterfaceOrientationLandscapeLeft UIInterfaceOrientationLandscapeRight";
				INFOPLIST_KEY_UISupportedInterfaceOrientations_iPhone = "UIInterfaceOrientationPortrait UIInterfaceOrientationLandscapeLeft UIInterfaceOrientationLandscapeRight";
				LD_RUNPATH_SEARCH_PATHS = (
					"$(inherited)",
					"@executable_path/Frameworks",
				);
				MARKETING_VERSION = 1.0;
				PRODUCT_BUNDLE_IDENTIFIER = com.Seunghyeon.AVPlayerApp;
				PRODUCT_NAME = "$(TARGET_NAME)";
				SWIFT_EMIT_LOC_STRINGS = YES;
				SWIFT_VERSION = 5.0;
				TARGETED_DEVICE_FAMILY = "1,2";
			};
			name = Release;
		};
/* End XCBuildConfiguration section */

/* Begin XCConfigurationList section */
		FFAFF3742BE4FFB6004C5C8D /* Build configuration list for PBXProject "AVPlayerApp" */ = {
			isa = XCConfigurationList;
			buildConfigurations = (
				FFAFF38B2BE4FFB7004C5C8D /* Debug */,
				FFAFF38C2BE4FFB7004C5C8D /* Release */,
			);
			defaultConfigurationIsVisible = 0;
			defaultConfigurationName = Release;
		};
		FFAFF38D2BE4FFB7004C5C8D /* Build configuration list for PBXNativeTarget "AVPlayerApp" */ = {
			isa = XCConfigurationList;
			buildConfigurations = (
				FFAFF38E2BE4FFB7004C5C8D /* Debug */,
				FFAFF38F2BE4FFB7004C5C8D /* Release */,
			);
			defaultConfigurationIsVisible = 0;
			defaultConfigurationName = Release;
		};
/* End XCConfigurationList section */

/* Begin XCRemoteSwiftPackageReference section */
		FFAFF3902BE4FFE3004C5C8D /* XCRemoteSwiftPackageReference "SnapKit" */ = {
			isa = XCRemoteSwiftPackageReference;
			repositoryURL = "https://github.com/SnapKit/SnapKit";
			requirement = {
				kind = upToNextMajorVersion;
				minimumVersion = 5.7.1;
			};
		};
/* End XCRemoteSwiftPackageReference section */

/* Begin XCSwiftPackageProductDependency section */
		FFAFF3912BE4FFE3004C5C8D /* SnapKit */ = {
			isa = XCSwiftPackageProductDependency;
			package = FFAFF3902BE4FFE3004C5C8D /* XCRemoteSwiftPackageReference "SnapKit" */;
			productName = SnapKit;
		};
		FFAFF3932BE4FFE3004C5C8D /* SnapKit-Dynamic */ = {
			isa = XCSwiftPackageProductDependency;
			package = FFAFF3902BE4FFE3004C5C8D /* XCRemoteSwiftPackageReference "SnapKit" */;
			productName = "SnapKit-Dynamic";
		};
/* End XCSwiftPackageProductDependency section */
	};
	rootObject = FFAFF3712BE4FFB6004C5C8D /* Project object */;
}
