// !$*UTF8*$!
{
	archiveVersion = 1;
	classes = {
	};
	objectVersion = 56;
	objects = {

/* Begin PBXBuildFile section */
		FFAB8EB82B9FED7700F3E1BB /* main.swift in Sources */ = {isa = PBXBuildFile; fileRef = FFAB8EB72B9FED7700F3E1BB /* main.swift */; };
		FFAB8EBF2BA0047700F3E1BB /* Level2.swift in Sources */ = {isa = PBXBuildFile; fileRef = FFAB8EBE2BA0047700F3E1BB /* Level2.swift */; };
		FFAB8EC12BA0049700F3E1BB /* Level1.swift in Sources */ = {isa = PBXBuildFile; fileRef = FFAB8EC02BA0049700F3E1BB /* Level1.swift */; };
		FFAB8EC52BA088AA00F3E1BB /* CaseError.swift in Sources */ = {isa = PBXBuildFile; fileRef = FFAB8EC42BA088AA00F3E1BB /* CaseError.swift */; };
		FFAB8EC72BA0890100F3E1BB /* CaseErrorController.swift in Sources */ = {isa = PBXBuildFile; fileRef = FFAB8EC62BA0890100F3E1BB /* CaseErrorController.swift */; };
		FFAB8EC92BA30C6A00F3E1BB /* Level4.swift in Sources */ = {isa = PBXBuildFile; fileRef = FFAB8EC82BA30C6A00F3E1BB /* Level4.swift */; };
		FFAB8ECB2BA312D000F3E1BB /* Level5.swift in Sources */ = {isa = PBXBuildFile; fileRef = FFAB8ECA2BA312D000F3E1BB /* Level5.swift */; };
/* End PBXBuildFile section */

/* Begin PBXCopyFilesBuildPhase section */
		FFAB8EB22B9FED7700F3E1BB /* CopyFiles */ = {
			isa = PBXCopyFilesBuildPhase;
			buildActionMask = 2147483647;
			dstPath = /usr/share/man/man1/;
			dstSubfolderSpec = 0;
			files = (
			);
			runOnlyForDeploymentPostprocessing = 1;
		};
/* End PBXCopyFilesBuildPhase section */

/* Begin PBXFileReference section */
		FFAB8EB42B9FED7700F3E1BB /* Baseball_Game */ = {isa = PBXFileReference; explicitFileType = "compiled.mach-o.executable"; includeInIndex = 0; path = Baseball_Game; sourceTree = BUILT_PRODUCTS_DIR; };
		FFAB8EB72B9FED7700F3E1BB /* main.swift */ = {isa = PBXFileReference; lastKnownFileType = sourcecode.swift; path = main.swift; sourceTree = "<group>"; };
		FFAB8EBE2BA0047700F3E1BB /* Level2.swift */ = {isa = PBXFileReference; lastKnownFileType = sourcecode.swift; path = Level2.swift; sourceTree = "<group>"; };
		FFAB8EC02BA0049700F3E1BB /* Level1.swift */ = {isa = PBXFileReference; lastKnownFileType = sourcecode.swift; path = Level1.swift; sourceTree = "<group>"; };
		FFAB8EC42BA088AA00F3E1BB /* CaseError.swift */ = {isa = PBXFileReference; lastKnownFileType = sourcecode.swift; path = CaseError.swift; sourceTree = "<group>"; };
		FFAB8EC62BA0890100F3E1BB /* CaseErrorController.swift */ = {isa = PBXFileReference; lastKnownFileType = sourcecode.swift; path = CaseErrorController.swift; sourceTree = "<group>"; };
		FFAB8EC82BA30C6A00F3E1BB /* Level4.swift */ = {isa = PBXFileReference; lastKnownFileType = sourcecode.swift; path = Level4.swift; sourceTree = "<group>"; };
		FFAB8ECA2BA312D000F3E1BB /* Level5.swift */ = {isa = PBXFileReference; lastKnownFileType = sourcecode.swift; path = Level5.swift; sourceTree = "<group>"; };
/* End PBXFileReference section */

/* Begin PBXFrameworksBuildPhase section */
		FFAB8EB12B9FED7700F3E1BB /* Frameworks */ = {
			isa = PBXFrameworksBuildPhase;
			buildActionMask = 2147483647;
			files = (
			);
			runOnlyForDeploymentPostprocessing = 0;
		};
/* End PBXFrameworksBuildPhase section */

/* Begin PBXGroup section */
		FFAB8EAB2B9FED7700F3E1BB = {
			isa = PBXGroup;
			children = (
				FFAB8EB62B9FED7700F3E1BB /* Baseball_Game */,
				FFAB8EB52B9FED7700F3E1BB /* Products */,
			);
			sourceTree = "<group>";
		};
		FFAB8EB52B9FED7700F3E1BB /* Products */ = {
			isa = PBXGroup;
			children = (
				FFAB8EB42B9FED7700F3E1BB /* Baseball_Game */,
			);
			name = Products;
			sourceTree = "<group>";
		};
		FFAB8EB62B9FED7700F3E1BB /* Baseball_Game */ = {
			isa = PBXGroup;
			children = (
				FFAB8EB72B9FED7700F3E1BB /* main.swift */,
				FFAB8EC02BA0049700F3E1BB /* Level1.swift */,
				FFAB8EBE2BA0047700F3E1BB /* Level2.swift */,
				FFAB8EC42BA088AA00F3E1BB /* CaseError.swift */,
				FFAB8EC62BA0890100F3E1BB /* CaseErrorController.swift */,
				FFAB8EC82BA30C6A00F3E1BB /* Level4.swift */,
				FFAB8ECA2BA312D000F3E1BB /* Level5.swift */,
			);
			path = Baseball_Game;
			sourceTree = "<group>";
		};
/* End PBXGroup section */

/* Begin PBXNativeTarget section */
		FFAB8EB32B9FED7700F3E1BB /* Baseball_Game */ = {
			isa = PBXNativeTarget;
			buildConfigurationList = FFAB8EBB2B9FED7700F3E1BB /* Build configuration list for PBXNativeTarget "Baseball_Game" */;
			buildPhases = (
				FFAB8EB02B9FED7700F3E1BB /* Sources */,
				FFAB8EB12B9FED7700F3E1BB /* Frameworks */,
				FFAB8EB22B9FED7700F3E1BB /* CopyFiles */,
			);
			buildRules = (
			);
			dependencies = (
			);
			name = Baseball_Game;
			productName = Baseball_Game;
			productReference = FFAB8EB42B9FED7700F3E1BB /* Baseball_Game */;
			productType = "com.apple.product-type.tool";
		};
/* End PBXNativeTarget section */

/* Begin PBXProject section */
		FFAB8EAC2B9FED7700F3E1BB /* Project object */ = {
			isa = PBXProject;
			attributes = {
				BuildIndependentTargetsInParallel = 1;
				LastSwiftUpdateCheck = 1520;
				LastUpgradeCheck = 1520;
				TargetAttributes = {
					FFAB8EB32B9FED7700F3E1BB = {
						CreatedOnToolsVersion = 15.2;
					};
				};
			};
			buildConfigurationList = FFAB8EAF2B9FED7700F3E1BB /* Build configuration list for PBXProject "Baseball_Game" */;
			compatibilityVersion = "Xcode 14.0";
			developmentRegion = en;
			hasScannedForEncodings = 0;
			knownRegions = (
				en,
				Base,
			);
			mainGroup = FFAB8EAB2B9FED7700F3E1BB;
			productRefGroup = FFAB8EB52B9FED7700F3E1BB /* Products */;
			projectDirPath = "";
			projectRoot = "";
			targets = (
				FFAB8EB32B9FED7700F3E1BB /* Baseball_Game */,
			);
		};
/* End PBXProject section */

/* Begin PBXSourcesBuildPhase section */
		FFAB8EB02B9FED7700F3E1BB /* Sources */ = {
			isa = PBXSourcesBuildPhase;
			buildActionMask = 2147483647;
			files = (
				FFAB8EC52BA088AA00F3E1BB /* CaseError.swift in Sources */,
				FFAB8EC12BA0049700F3E1BB /* Level1.swift in Sources */,
				FFAB8EB82B9FED7700F3E1BB /* main.swift in Sources */,
				FFAB8EC92BA30C6A00F3E1BB /* Level4.swift in Sources */,
				FFAB8EBF2BA0047700F3E1BB /* Level2.swift in Sources */,
				FFAB8EC72BA0890100F3E1BB /* CaseErrorController.swift in Sources */,
				FFAB8ECB2BA312D000F3E1BB /* Level5.swift in Sources */,
			);
			runOnlyForDeploymentPostprocessing = 0;
		};
/* End PBXSourcesBuildPhase section */

/* Begin XCBuildConfiguration section */
		FFAB8EB92B9FED7700F3E1BB /* Debug */ = {
			isa = XCBuildConfiguration;
			buildSettings = {
				ALWAYS_SEARCH_USER_PATHS = NO;
				ASSETCATALOG_COMPILER_GENERATE_SWIFT_ASSET_SYMBOL_EXTENSIONS = YES;
				CLANG_ANALYZER_NONNULL = YES;
				CLANG_ANALYZER_NUMBER_OBJECT_CONVERSION = YES_AGGRESSIVE;
				CLANG_CXX_LANGUAGE_STANDARD = "gnu++20";
				CLANG_ENABLE_MODULES = YES;
				CLANG_ENABLE_OBJC_ARC = YES;
				CLANG_ENABLE_OBJC_WEAK = YES;
				CLANG_WARN_BLOCK_CAPTURE_AUTORELEASING = YES;
				CLANG_WARN_BOOL_CONVERSION = YES;
				CLANG_WARN_COMMA = YES;
				CLANG_WARN_CONSTANT_CONVERSION = YES;
				CLANG_WARN_DEPRECATED_OBJC_IMPLEMENTATIONS = YES;
				CLANG_WARN_DIRECT_OBJC_ISA_USAGE = YES_ERROR;
				CLANG_WARN_DOCUMENTATION_COMMENTS = YES;
				CLANG_WARN_EMPTY_BODY = YES;
				CLANG_WARN_ENUM_CONVERSION = YES;
				CLANG_WARN_INFINITE_RECURSION = YES;
				CLANG_WARN_INT_CONVERSION = YES;
				CLANG_WARN_NON_LITERAL_NULL_CONVERSION = YES;
				CLANG_WARN_OBJC_IMPLICIT_RETAIN_SELF = YES;
				CLANG_WARN_OBJC_LITERAL_CONVERSION = YES;
				CLANG_WARN_OBJC_ROOT_CLASS = YES_ERROR;
				CLANG_WARN_QUOTED_INCLUDE_IN_FRAMEWORK_HEADER = YES;
				CLANG_WARN_RANGE_LOOP_ANALYSIS = YES;
				CLANG_WARN_STRICT_PROTOTYPES = YES;
				CLANG_WARN_SUSPICIOUS_MOVE = YES;
				CLANG_WARN_UNGUARDED_AVAILABILITY = YES_AGGRESSIVE;
				CLANG_WARN_UNREACHABLE_CODE = YES;
				CLANG_WARN__DUPLICATE_METHOD_MATCH = YES;
				COPY_PHASE_STRIP = NO;
				DEBUG_INFORMATION_FORMAT = dwarf;
				ENABLE_STRICT_OBJC_MSGSEND = YES;
				ENABLE_TESTABILITY = YES;
				ENABLE_USER_SCRIPT_SANDBOXING = YES;
				GCC_C_LANGUAGE_STANDARD = gnu17;
				GCC_DYNAMIC_NO_PIC = NO;
				GCC_NO_COMMON_BLOCKS = YES;
				GCC_OPTIMIZATION_LEVEL = 0;
				GCC_PREPROCESSOR_DEFINITIONS = (
					"DEBUG=1",
					"$(inherited)",
				);
				GCC_WARN_64_TO_32_BIT_CONVERSION = YES;
				GCC_WARN_ABOUT_RETURN_TYPE = YES_ERROR;
				GCC_WARN_UNDECLARED_SELECTOR = YES;
				GCC_WARN_UNINITIALIZED_AUTOS = YES_AGGRESSIVE;
				GCC_WARN_UNUSED_FUNCTION = YES;
				GCC_WARN_UNUSED_VARIABLE = YES;
				LOCALIZATION_PREFERS_STRING_CATALOGS = YES;
				MACOSX_DEPLOYMENT_TARGET = 13.6;
				MTL_ENABLE_DEBUG_INFO = INCLUDE_SOURCE;
				MTL_FAST_MATH = YES;
				ONLY_ACTIVE_ARCH = YES;
				SDKROOT = macosx;
				SWIFT_ACTIVE_COMPILATION_CONDITIONS = "DEBUG $(inherited)";
				SWIFT_OPTIMIZATION_LEVEL = "-Onone";
			};
			name = Debug;
		};
		FFAB8EBA2B9FED7700F3E1BB /* Release */ = {
			isa = XCBuildConfiguration;
			buildSettings = {
				ALWAYS_SEARCH_USER_PATHS = NO;
				ASSETCATALOG_COMPILER_GENERATE_SWIFT_ASSET_SYMBOL_EXTENSIONS = YES;
				CLANG_ANALYZER_NONNULL = YES;
				CLANG_ANALYZER_NUMBER_OBJECT_CONVERSION = YES_AGGRESSIVE;
				CLANG_CXX_LANGUAGE_STANDARD = "gnu++20";
				CLANG_ENABLE_MODULES = YES;
				CLANG_ENABLE_OBJC_ARC = YES;
				CLANG_ENABLE_OBJC_WEAK = YES;
				CLANG_WARN_BLOCK_CAPTURE_AUTORELEASING = YES;
				CLANG_WARN_BOOL_CONVERSION = YES;
				CLANG_WARN_COMMA = YES;
				CLANG_WARN_CONSTANT_CONVERSION = YES;
				CLANG_WARN_DEPRECATED_OBJC_IMPLEMENTATIONS = YES;
				CLANG_WARN_DIRECT_OBJC_ISA_USAGE = YES_ERROR;
				CLANG_WARN_DOCUMENTATION_COMMENTS = YES;
				CLANG_WARN_EMPTY_BODY = YES;
				CLANG_WARN_ENUM_CONVERSION = YES;
				CLANG_WARN_INFINITE_RECURSION = YES;
				CLANG_WARN_INT_CONVERSION = YES;
				CLANG_WARN_NON_LITERAL_NULL_CONVERSION = YES;
				CLANG_WARN_OBJC_IMPLICIT_RETAIN_SELF = YES;
				CLANG_WARN_OBJC_LITERAL_CONVERSION = YES;
				CLANG_WARN_OBJC_ROOT_CLASS = YES_ERROR;
				CLANG_WARN_QUOTED_INCLUDE_IN_FRAMEWORK_HEADER = YES;
				CLANG_WARN_RANGE_LOOP_ANALYSIS = YES;
				CLANG_WARN_STRICT_PROTOTYPES = YES;
				CLANG_WARN_SUSPICIOUS_MOVE = YES;
				CLANG_WARN_UNGUARDED_AVAILABILITY = YES_AGGRESSIVE;
				CLANG_WARN_UNREACHABLE_CODE = YES;
				CLANG_WARN__DUPLICATE_METHOD_MATCH = YES;
				COPY_PHASE_STRIP = NO;
				DEBUG_INFORMATION_FORMAT = "dwarf-with-dsym";
				ENABLE_NS_ASSERTIONS = NO;
				ENABLE_STRICT_OBJC_MSGSEND = YES;
				ENABLE_USER_SCRIPT_SANDBOXING = YES;
				GCC_C_LANGUAGE_STANDARD = gnu17;
				GCC_NO_COMMON_BLOCKS = YES;
				GCC_WARN_64_TO_32_BIT_CONVERSION = YES;
				GCC_WARN_ABOUT_RETURN_TYPE = YES_ERROR;
				GCC_WARN_UNDECLARED_SELECTOR = YES;
				GCC_WARN_UNINITIALIZED_AUTOS = YES_AGGRESSIVE;
				GCC_WARN_UNUSED_FUNCTION = YES;
				GCC_WARN_UNUSED_VARIABLE = YES;
				LOCALIZATION_PREFERS_STRING_CATALOGS = YES;
				MACOSX_DEPLOYMENT_TARGET = 13.6;
				MTL_ENABLE_DEBUG_INFO = NO;
				MTL_FAST_MATH = YES;
				SDKROOT = macosx;
				SWIFT_COMPILATION_MODE = wholemodule;
			};
			name = Release;
		};
		FFAB8EBC2B9FED7700F3E1BB /* Debug */ = {
			isa = XCBuildConfiguration;
			buildSettings = {
				CODE_SIGN_STYLE = Automatic;
				DEVELOPMENT_TEAM = 5259JUBP8W;
				ENABLE_HARDENED_RUNTIME = YES;
				PRODUCT_NAME = "$(TARGET_NAME)";
				SWIFT_VERSION = 5.0;
			};
			name = Debug;
		};
		FFAB8EBD2B9FED7700F3E1BB /* Release */ = {
			isa = XCBuildConfiguration;
			buildSettings = {
				CODE_SIGN_STYLE = Automatic;
				DEVELOPMENT_TEAM = 5259JUBP8W;
				ENABLE_HARDENED_RUNTIME = YES;
				PRODUCT_NAME = "$(TARGET_NAME)";
				SWIFT_VERSION = 5.0;
			};
			name = Release;
		};
/* End XCBuildConfiguration section */

/* Begin XCConfigurationList section */
		FFAB8EAF2B9FED7700F3E1BB /* Build configuration list for PBXProject "Baseball_Game" */ = {
			isa = XCConfigurationList;
			buildConfigurations = (
				FFAB8EB92B9FED7700F3E1BB /* Debug */,
				FFAB8EBA2B9FED7700F3E1BB /* Release */,
			);
			defaultConfigurationIsVisible = 0;
			defaultConfigurationName = Release;
		};
		FFAB8EBB2B9FED7700F3E1BB /* Build configuration list for PBXNativeTarget "Baseball_Game" */ = {
			isa = XCConfigurationList;
			buildConfigurations = (
				FFAB8EBC2B9FED7700F3E1BB /* Debug */,
				FFAB8EBD2B9FED7700F3E1BB /* Release */,
			);
			defaultConfigurationIsVisible = 0;
			defaultConfigurationName = Release;
		};
/* End XCConfigurationList section */
	};
	rootObject = FFAB8EAC2B9FED7700F3E1BB /* Project object */;
}
